Microsoft Visual Studio Solution File, Format Version 12.00
# Visual Studio Version 17
VisualStudioVersion = 17.10.35013.160
MinimumVisualStudioVersion = 10.0.40219.1
Project("{9A19103F-16F7-4668-BE54-9A1E7A4F7556}") = "OTelDemo.AppHost", "OTelDemo.AppHost\OTelDemo.AppHost.csproj", "{24F06F69-5FE6-48BE-9AB2-24B276A6FBB8}"
EndProject
Project("{9A19103F-16F7-4668-BE54-9A1E7A4F7556}") = "OTelDemo.ServiceDefaults", "OTelDemo.ServiceDefaults\OTelDemo.ServiceDefaults.csproj", "{034AC53F-A207-477B-8D72-CCAA210D1A7E}"
EndProject
Project("{9A19103F-16F7-4668-BE54-9A1E7A4F7556}") = "OTelDemo.PublicApiService", "OTelDemo.PublicApiService\OTelDemo.PublicApiService.csproj", "{A02FA966-32E5-4A9B-A0A1-7CD993DE9046}"
EndProject
Project("{9A19103F-16F7-4668-BE54-9A1E7A4F7556}") = "OTelDemo.InternalApiService", "OTelDemo.InternalApiService\OTelDemo.InternalApiService.csproj", "{48BD43FB-2C62-4668-9FB4-0B90D9B8F474}"
EndProject
Global
	GlobalSection(SolutionConfigurationPlatforms) = preSolution
		Debug|Any CPU = Debug|Any CPU
		Release|Any CPU = Release|Any CPU
	EndGlobalSection
	GlobalSection(ProjectConfigurationPlatforms) = postSolution
		{24F06F69-5FE6-48BE-9AB2-24B276A6FBB8}.Debug|Any CPU.ActiveCfg = Debug|Any CPU
		{24F06F69-5FE6-48BE-9AB2-24B276A6FBB8}.Debug|Any CPU.Build.0 = Debug|Any CPU
		{24F06F69-5FE6-48BE-9AB2-24B276A6FBB8}.Release|Any CPU.ActiveCfg = Release|Any CPU
		{24F06F69-5FE6-48BE-9AB2-24B276A6FBB8}.Release|Any CPU.Build.0 = Release|Any CPU
		{034AC53F-A207-477B-8D72-CCAA210D1A7E}.Debug|Any CPU.ActiveCfg = Debug|Any CPU
		{034AC53F-A207-477B-8D72-CCAA210D1A7E}.Debug|Any CPU.Build.0 = Debug|Any CPU
		{034AC53F-A207-477B-8D72-CCAA210D1A7E}.Release|Any CPU.ActiveCfg = Release|Any CPU
		{034AC53F-A207-477B-8D72-CCAA210D1A7E}.Release|Any CPU.Build.0 = Release|Any CPU
		{A02FA966-32E5-4A9B-A0A1-7CD993DE9046}.Debug|Any CPU.ActiveCfg = Debug|Any CPU
		{A02FA966-32E5-4A9B-A0A1-7CD993DE9046}.Debug|Any CPU.Build.0 = Debug|Any CPU
		{A02FA966-32E5-4A9B-A0A1-7CD993DE9046}.Release|Any CPU.ActiveCfg = Release|Any CPU
		{A02FA966-32E5-4A9B-A0A1-7CD993DE9046}.Release|Any CPU.Build.0 = Release|Any CPU
		{48BD43FB-2C62-4668-9FB4-0B90D9B8F474}.Debug|Any CPU.ActiveCfg = Debug|Any CPU
		{48BD43FB-2C62-4668-9FB4-0B90D9B8F474}.Debug|Any CPU.Build.0 = Debug|Any CPU
		{48BD43FB-2C62-4668-9FB4-0B90D9B8F474}.Release|Any CPU.ActiveCfg = Release|Any CPU
		{48BD43FB-2C62-4668-9FB4-0B90D9B8F474}.Release|Any CPU.Build.0 = Release|Any CPU
	EndGlobalSection
	GlobalSection(SolutionProperties) = preSolution
		HideSolutionNode = FALSE
	EndGlobalSection
	GlobalSection(ExtensibilityGlobals) = postSolution
		SolutionGuid = {CF33258E-4992-4DDC-88C5-0B1A18455599}
	EndGlobalSection
EndGlobal
