<Solution>
  <Folder Name="/Solution Items/" Id="02ea681e-c7d8-13c7-8484-4ac65e1b71e8">
    <File Path=".editorconfig" />
  </Folder>
  <Project Path="FeedbackApp.AppHost/FeedbackApp.AppHost.csproj" Id="76c88667-a27e-4cc7-8686-8737f9449275" />
  <Project Path="FeedbackApp.ServiceDefaults/FeedbackApp.ServiceDefaults.csproj" />
  <Project Path="FeedbackService/FeedbackService.csproj" />
  <Project Path="UnitTests/UnitTests.csproj" Id="dfbf9535-4c40-4a38-af8d-0668592f2657" />
</Solution>
